
Microsoft Visual Studio Solution File, Format Version 12.00
# Visual Studio 15
VisualStudioVersion = 15.0.28307.572
MinimumVisualStudioVersion = 10.0.40219.1
Project("{FAE04EC0-301F-11D3-BF4B-00C04F79EFBC}") = "B2CIdTokenBuilder", "B2CIdTokenBuilder\B2CIdTokenBuilder.csproj", "{13DAE707-A606-41CF-8E54-89871DDC2061}"
EndProject
Global
	GlobalSection(SolutionConfigurationPlatforms) = preSolution
		Debug|Any CPU = Debug|Any CPU
		Release|Any CPU = Release|Any CPU
	EndGlobalSection
	GlobalSection(ProjectConfigurationPlatforms) = postSolution
		{13DAE707-A606-41CF-8E54-89871DDC2061}.Debug|Any CPU.ActiveCfg = Debug|Any CPU
		{13DAE707-A606-41CF-8E54-89871DDC2061}.Debug|Any CPU.Build.0 = Debug|Any CPU
		{13DAE707-A606-41CF-8E54-89871DDC2061}.Release|Any CPU.ActiveCfg = Release|Any CPU
		{13DAE707-A606-41CF-8E54-89871DDC2061}.Release|Any CPU.Build.0 = Release|Any CPU
	EndGlobalSection
	GlobalSection(SolutionProperties) = preSolution
		HideSolutionNode = FALSE
	EndGlobalSection
	GlobalSection(ExtensibilityGlobals) = postSolution
		SolutionGuid = {C52BA2F5-5C4E-49ED-A736-F01ACCD00536}
	EndGlobalSection
EndGlobal
